
Microsoft Visual Studio Solution File, Format Version 12.00
# Visual Studio Version 17
VisualStudioVersion = 17.0.31903.59
MinimumVisualStudioVersion = 10.0.40219.1
Project("{9A19103F-16F7-4668-BE54-9A1E7A4F7556}") = "TigerTix.Web", "TigerTix.Web\TigerTix.Web.csproj", "{4A688AFC-0121-450C-8B6A-D2A8567A0A9E}"
EndProject
Project("{9A19103F-16F7-4668-BE54-9A1E7A4F7556}") = "xUnit TigerTix", "xUnit TigerTix\xUnit TigerTix.csproj", "{9E7D4AE3-C819-4468-BD8F-02FD7016DA5B}"
EndProject
Global
	GlobalSection(SolutionConfigurationPlatforms) = preSolution
		Debug|Any CPU = Debug|Any CPU
		Release|Any CPU = Release|Any CPU
	EndGlobalSection
	GlobalSection(ProjectConfigurationPlatforms) = postSolution
		{4A688AFC-0121-450C-8B6A-D2A8567A0A9E}.Debug|Any CPU.ActiveCfg = Debug|Any CPU
		{4A688AFC-0121-450C-8B6A-D2A8567A0A9E}.Debug|Any CPU.Build.0 = Debug|Any CPU
		{4A688AFC-0121-450C-8B6A-D2A8567A0A9E}.Release|Any CPU.ActiveCfg = Release|Any CPU
		{4A688AFC-0121-450C-8B6A-D2A8567A0A9E}.Release|Any CPU.Build.0 = Release|Any CPU
		{9E7D4AE3-C819-4468-BD8F-02FD7016DA5B}.Debug|Any CPU.ActiveCfg = Debug|Any CPU
		{9E7D4AE3-C819-4468-BD8F-02FD7016DA5B}.Debug|Any CPU.Build.0 = Debug|Any CPU
		{9E7D4AE3-C819-4468-BD8F-02FD7016DA5B}.Release|Any CPU.ActiveCfg = Release|Any CPU
		{9E7D4AE3-C819-4468-BD8F-02FD7016DA5B}.Release|Any CPU.Build.0 = Release|Any CPU
	EndGlobalSection
	GlobalSection(SolutionProperties) = preSolution
		HideSolutionNode = FALSE
	EndGlobalSection
	GlobalSection(ExtensibilityGlobals) = postSolution
		SolutionGuid = {336C95B8-67AC-4ED6-9FB3-943C8167B795}
	EndGlobalSection
EndGlobal
